dependencies:
- name: trackeranalytics
  repository: file://charts/trackeranalytics
  version: 0.1.1
- name: trackerclientgo
  repository: file://charts/trackerclientgo
  version: 0.1.0
- name: trackerservergo
  repository: file://charts/trackerservergo
  version: 0.1.0
- name: communicationsapp
  repository: file://charts/communicationsapp
  version: 0.1.0
digest: sha256:8d4506908ec862953d99bdb493cab5ef8b417a026b9b3de53dc3ab0f41a841cc
generated: "2026-08-08T23:02:36.958381871-06:00"
