dependencies:
- name: trackeranalytics
  repository: file://charts/trackeranalytics
  version: 0.1.0
- name: trackerclientgo
  repository: file://charts/trackerclientgo
  version: 0.1.0
- name: trackerservergo
  repository: file://charts/trackerservergo
  version: 0.1.0
- name: communicationsapp
  repository: file://charts/communicationsapp
  version: 0.1.0
digest: sha256:d6a33fe3e7c14f8fb59584bf10580dedf1c792a9b85894099ff4331a42cfd590
generated: "2026-04-25T19:44:21.137985734-06:00"
